
Microsoft Visual Studio Solution File, Format Version 12.00
Project("{FAE04EC0-301F-11D3-BF4B-00C04F79EFBC}") = "XamarinApplication", "XamarinApplication\XamarinApplication\XamarinApplication.csproj", "{5ABA2801-9F36-48E3-88C6-563326A439B4}"
EndProject
Project("{FAE04EC0-301F-11D3-BF4B-00C04F79EFBC}") = "XamarinApplication.Droid", "XamarinApplication\XamarinApplication.Droid\XamarinApplication.Droid.csproj", "{0DA4B198-0B5E-4097-A397-90393AD99794}"
EndProject
Project("{FAE04EC0-301F-11D3-BF4B-00C04F79EFBC}") = "XamarinApplication.iOS", "XamarinApplication\XamarinApplication.iOS\XamarinApplication.iOS.csproj", "{B785277E-03AA-48B0-83AC-058175385A78}"
EndProject
Global
	GlobalSection(SolutionConfigurationPlatforms) = preSolution
		Ad-Hoc|iPhone = Ad-Hoc|iPhone
		AppStore|iPhone = AppStore|iPhone
		Debug|Any CPU = Debug|Any CPU
		Debug|iPhone = Debug|iPhone
		Debug|iPhoneSimulator = Debug|iPhoneSimulator
		Release|Any CPU = Release|Any CPU
		Release|iPhone = Release|iPhone
		Release|iPhoneSimulator = Release|iPhoneSimulator
	EndGlobalSection
	GlobalSection(ProjectConfigurationPlatforms) = postSolution
		{5ABA2801-9F36-48E3-88C6-563326A439B4}.Ad-Hoc|iPhone.ActiveCfg = Debug|Any CPU
		{5ABA2801-9F36-48E3-88C6-563326A439B4}.Ad-Hoc|iPhone.Build.0 = Debug|Any CPU
		{5ABA2801-9F36-48E3-88C6-563326A439B4}.AppStore|iPhone.ActiveCfg = Debug|Any CPU
		{5ABA2801-9F36-48E3-88C6-563326A439B4}.AppStore|iPhone.Build.0 = Debug|Any CPU
		{5ABA2801-9F36-48E3-88C6-563326A439B4}.Debug|Any CPU.ActiveCfg = Debug|Any CPU
		{5ABA2801-9F36-48E3-88C6-563326A439B4}.Debug|Any CPU.Build.0 = Debug|Any CPU
		{5ABA2801-9F36-48E3-88C6-563326A439B4}.Debug|iPhone.ActiveCfg = Debug|Any CPU
		{5ABA2801-9F36-48E3-88C6-563326A439B4}.Debug|iPhone.Build.0 = Debug|Any CPU
		{5ABA2801-9F36-48E3-88C6-563326A439B4}.Debug|iPhoneSimulator.ActiveCfg = Debug|Any CPU
		{5ABA2801-9F36-48E3-88C6-563326A439B4}.Debug|iPhoneSimulator.Build.0 = Debug|Any CPU
		{5ABA2801-9F36-48E3-88C6-563326A439B4}.Release|Any CPU.ActiveCfg = Release|Any CPU
		{5ABA2801-9F36-48E3-88C6-563326A439B4}.Release|Any CPU.Build.0 = Release|Any CPU
		{5ABA2801-9F36-48E3-88C6-563326A439B4}.Release|iPhone.ActiveCfg = Release|Any CPU
		{5ABA2801-9F36-48E3-88C6-563326A439B4}.Release|iPhone.Build.0 = Release|Any CPU
		{5ABA2801-9F36-48E3-88C6-563326A439B4}.Release|iPhoneSimulator.ActiveCfg = Release|Any CPU
		{5ABA2801-9F36-48E3-88C6-563326A439B4}.Release|iPhoneSimulator.Build.0 = Release|Any CPU
		{0DA4B198-0B5E-4097-A397-90393AD99794}.Ad-Hoc|iPhone.ActiveCfg = Debug|Any CPU
		{0DA4B198-0B5E-4097-A397-90393AD99794}.Ad-Hoc|iPhone.Build.0 = Debug|Any CPU
		{0DA4B198-0B5E-4097-A397-90393AD99794}.Ad-Hoc|iPhone.Deploy.0 = Debug|Any CPU
		{0DA4B198-0B5E-4097-A397-90393AD99794}.AppStore|iPhone.ActiveCfg = Debug|Any CPU
		{0DA4B198-0B5E-4097-A397-90393AD99794}.AppStore|iPhone.Build.0 = Debug|Any CPU
		{0DA4B198-0B5E-4097-A397-90393AD99794}.AppStore|iPhone.Deploy.0 = Debug|Any CPU
		{0DA4B198-0B5E-4097-A397-90393AD99794}.Debug|Any CPU.ActiveCfg = Debug|Any CPU
		{0DA4B198-0B5E-4097-A397-90393AD99794}.Debug|Any CPU.Build.0 = Debug|Any CPU
		{0DA4B198-0B5E-4097-A397-90393AD99794}.Debug|Any CPU.Deploy.0 = Debug|Any CPU
		{0DA4B198-0B5E-4097-A397-90393AD99794}.Debug|iPhone.ActiveCfg = Debug|Any CPU
		{0DA4B198-0B5E-4097-A397-90393AD99794}.Debug|iPhone.Build.0 = Debug|Any CPU
		{0DA4B198-0B5E-4097-A397-90393AD99794}.Debug|iPhone.Deploy.0 = Debug|Any CPU
		{0DA4B198-0B5E-4097-A397-90393AD99794}.Debug|iPhoneSimulator.ActiveCfg = Debug|Any CPU
		{0DA4B198-0B5E-4097-A397-90393AD99794}.Debug|iPhoneSimulator.Build.0 = Debug|Any CPU
		{0DA4B198-0B5E-4097-A397-90393AD99794}.Debug|iPhoneSimulator.Deploy.0 = Debug|Any CPU
		{0DA4B198-0B5E-4097-A397-90393AD99794}.Release|Any CPU.ActiveCfg = Release|Any CPU
		{0DA4B198-0B5E-4097-A397-90393AD99794}.Release|Any CPU.Build.0 = Release|Any CPU
		{0DA4B198-0B5E-4097-A397-90393AD99794}.Release|Any CPU.Deploy.0 = Release|Any CPU
		{0DA4B198-0B5E-4097-A397-90393AD99794}.Release|iPhone.ActiveCfg = Release|Any CPU
		{0DA4B198-0B5E-4097-A397-90393AD99794}.Release|iPhone.Build.0 = Release|Any CPU
		{0DA4B198-0B5E-4097-A397-90393AD99794}.Release|iPhone.Deploy.0 = Release|Any CPU
		{0DA4B198-0B5E-4097-A397-90393AD99794}.Release|iPhoneSimulator.ActiveCfg = Release|Any CPU
		{0DA4B198-0B5E-4097-A397-90393AD99794}.Release|iPhoneSimulator.Build.0 = Release|Any CPU
		{0DA4B198-0B5E-4097-A397-90393AD99794}.Release|iPhoneSimulator.Deploy.0 = Release|Any CPU
		{B785277E-03AA-48B0-83AC-058175385A78}.Ad-Hoc|iPhone.ActiveCfg = Ad-Hoc|iPhone
		{B785277E-03AA-48B0-83AC-058175385A78}.Ad-Hoc|iPhone.Build.0 = Ad-Hoc|iPhone
		{B785277E-03AA-48B0-83AC-058175385A78}.Ad-Hoc|iPhone.Deploy.0 = Ad-Hoc|iPhone
		{B785277E-03AA-48B0-83AC-058175385A78}.AppStore|iPhone.ActiveCfg = AppStore|iPhone
		{B785277E-03AA-48B0-83AC-058175385A78}.AppStore|iPhone.Build.0 = AppStore|iPhone
		{B785277E-03AA-48B0-83AC-058175385A78}.AppStore|iPhone.Deploy.0 = AppStore|iPhone
		{B785277E-03AA-48B0-83AC-058175385A78}.Debug|Any CPU.ActiveCfg = Debug|iPhoneSimulator
		{B785277E-03AA-48B0-83AC-058175385A78}.Debug|Any CPU.Build.0 = Debug|iPhoneSimulator
		{B785277E-03AA-48B0-83AC-058175385A78}.Debug|Any CPU.Deploy.0 = Debug|iPhoneSimulator
		{B785277E-03AA-48B0-83AC-058175385A78}.Debug|iPhone.ActiveCfg = Debug|iPhone
		{B785277E-03AA-48B0-83AC-058175385A78}.Debug|iPhone.Build.0 = Debug|iPhone
		{B785277E-03AA-48B0-83AC-058175385A78}.Debug|iPhone.Deploy.0 = Debug|iPhone
		{B785277E-03AA-48B0-83AC-058175385A78}.Debug|iPhoneSimulator.ActiveCfg = Debug|iPhoneSimulator
		{B785277E-03AA-48B0-83AC-058175385A78}.Debug|iPhoneSimulator.Build.0 = Debug|iPhoneSimulator
		{B785277E-03AA-48B0-83AC-058175385A78}.Debug|iPhoneSimulator.Deploy.0 = Debug|iPhoneSimulator
		{B785277E-03AA-48B0-83AC-058175385A78}.Release|Any CPU.ActiveCfg = Release|iPhoneSimulator
		{B785277E-03AA-48B0-83AC-058175385A78}.Release|Any CPU.Build.0 = Release|iPhoneSimulator
		{B785277E-03AA-48B0-83AC-058175385A78}.Release|Any CPU.Deploy.0 = Release|iPhoneSimulator
		{B785277E-03AA-48B0-83AC-058175385A78}.Release|iPhone.ActiveCfg = Release|iPhone
		{B785277E-03AA-48B0-83AC-058175385A78}.Release|iPhone.Build.0 = Release|iPhone
		{B785277E-03AA-48B0-83AC-058175385A78}.Release|iPhone.Deploy.0 = Release|iPhone
		{B785277E-03AA-48B0-83AC-058175385A78}.Release|iPhoneSimulator.ActiveCfg = Release|iPhoneSimulator
		{B785277E-03AA-48B0-83AC-058175385A78}.Release|iPhoneSimulator.Build.0 = Release|iPhoneSimulator
		{B785277E-03AA-48B0-83AC-058175385A78}.Release|iPhoneSimulator.Deploy.0 = Release|iPhoneSimulator
	EndGlobalSection
EndGlobal
